
Microsoft Visual Studio Solution File, Format Version 12.00
# Visual Studio 15
VisualStudioVersion = 15.0.28010.2026
MinimumVisualStudioVersion = 10.0.40219.1
Project("{F14B399A-7131-4C87-9E4B-1186C45EF12D}") = "Report Project2", "Report Project2\Report Project2.rptproj", "{27D52EF0-330A-4364-8096-579C23436EF9}"
EndProject
Global
	GlobalSection(SolutionConfigurationPlatforms) = preSolution
		Debug|Default = Debug|Default
		DebugLocal|Default = DebugLocal|Default
		Release|Default = Release|Default
	EndGlobalSection
	GlobalSection(ProjectConfigurationPlatforms) = postSolution
		{27D52EF0-330A-4364-8096-579C23436EF9}.Debug|Default.ActiveCfg = Debug
		{27D52EF0-330A-4364-8096-579C23436EF9}.Debug|Default.Build.0 = Debug
		{27D52EF0-330A-4364-8096-579C23436EF9}.Debug|Default.Deploy.0 = Debug
		{27D52EF0-330A-4364-8096-579C23436EF9}.DebugLocal|Default.ActiveCfg = DebugLocal
		{27D52EF0-330A-4364-8096-579C23436EF9}.DebugLocal|Default.Build.0 = DebugLocal
		{27D52EF0-330A-4364-8096-579C23436EF9}.Release|Default.ActiveCfg = Release
		{27D52EF0-330A-4364-8096-579C23436EF9}.Release|Default.Build.0 = Release
		{27D52EF0-330A-4364-8096-579C23436EF9}.Release|Default.Deploy.0 = Release
	EndGlobalSection
	GlobalSection(SolutionProperties) = preSolution
		HideSolutionNode = FALSE
	EndGlobalSection
	GlobalSection(ExtensibilityGlobals) = postSolution
		SolutionGuid = {EB3CBAE2-75F7-4EF5-BC31-B703531EA0FD}
	EndGlobalSection
EndGlobal
